
Microsoft Visual Studio Solution File, Format Version 12.00
# Visual Studio 15
VisualStudioVersion = 15.0.26403.7
MinimumVisualStudioVersion = 10.0.40219.1
Project("{9A19103F-16F7-4668-BE54-9A1E7A4F7556}") = "CakesNoteProxy", "src\CakesNoteProxy\CakesNoteProxy.csproj", "{43088304-38EF-4FF0-9500-716920797617}"
EndProject
Project("{9A19103F-16F7-4668-BE54-9A1E7A4F7556}") = "CakesNoteProxy.Test", "src\CakesNoteProxy.Test\CakesNoteProxy.Test.csproj", "{877E02B5-AEE4-46B2-8010-F76AFB602A9A}"
EndProject
Global
	GlobalSection(SolutionConfigurationPlatforms) = preSolution
		Debug|Any CPU = Debug|Any CPU
		Release|Any CPU = Release|Any CPU
	EndGlobalSection
	GlobalSection(ProjectConfigurationPlatforms) = postSolution
		{43088304-38EF-4FF0-9500-716920797617}.Debug|Any CPU.ActiveCfg = Debug|Any CPU
		{43088304-38EF-4FF0-9500-716920797617}.Debug|Any CPU.Build.0 = Debug|Any CPU
		{43088304-38EF-4FF0-9500-716920797617}.Release|Any CPU.ActiveCfg = Release|Any CPU
		{43088304-38EF-4FF0-9500-716920797617}.Release|Any CPU.Build.0 = Release|Any CPU
		{877E02B5-AEE4-46B2-8010-F76AFB602A9A}.Debug|Any CPU.ActiveCfg = Debug|Any CPU
		{877E02B5-AEE4-46B2-8010-F76AFB602A9A}.Debug|Any CPU.Build.0 = Debug|Any CPU
		{877E02B5-AEE4-46B2-8010-F76AFB602A9A}.Release|Any CPU.ActiveCfg = Release|Any CPU
		{877E02B5-AEE4-46B2-8010-F76AFB602A9A}.Release|Any CPU.Build.0 = Release|Any CPU
	EndGlobalSection
	GlobalSection(SolutionProperties) = preSolution
		HideSolutionNode = FALSE
	EndGlobalSection
	GlobalSection(ExtensibilityGlobals) = postSolution
		SolutionGuid = {67E7F139-5DD8-4248-B48F-CF948C8BF1FB}
	EndGlobalSection
EndGlobal
